{
    "_readme": [
        "This file locks the dependencies of your project to a known state",
        "Read more about it at https://getcomposer.org/doc/01-basic-usage.md#installing-dependencies",
        "This file is @generated automatically"
    ],
    "content-hash": "84c13e176c1c98b7831babc4ec2cab99",
    "packages": [
        {
            "name": "doctrine/collections",
            "version": "2.2.2",
            "source": {
                "type": "git",
                "url": "https://github.com/doctrine/collections.git",
                "reference": "d8af7f248c74f195f7347424600fd9e17b57af59"
            },
            "dist": {
                "type": "zip",
                "url": "https://api.github.com/repos/doctrine/collections/zipball/d8af7f248c74f195f7347424600fd9e17b57af59",
                "reference": "d8af7f248c74f195f7347424600fd9e17b57af59",
                "shasum": ""
            },
            "require": {
                "doctrine/deprecations": "^1",
                "php": "^8.1"
            },
            "require-dev": {
                "doctrine/coding-standard": "^12",
                "ext-json": "*",
                "phpstan/phpstan": "^1.8",
                "phpstan/phpstan-phpunit": "^1.0",
                "phpunit/phpunit": "^10.5",
                "vimeo/psalm": "^5.11"
            },
            "type": "library",
            "autoload": {
                "psr-4": {
                    "Doctrine\\Common\\Collections\\": "src"
                }
            },
            "notification-url": "https://packagist.org/downloads/",
            "license": [
                "MIT"
            ],
            "authors": [
                {
                    "name": "Guilherme Blanco",
                    "email": "guilhermeblanco@gmail.com"
                },
                {
                    "name": "Roman Borschel",
                    "email": "roman@code-factory.org"
                },
                {
                    "name": "Benjamin Eberlei",
                    "email": "kontakt@beberlei.de"
                },
                {
                    "name": "Jonathan Wage",
                    "email": "jonwage@gmail.com"
                },
                {
                    "name": "Johannes Schmitt",
                    "email": "schmittjoh@gmail.com"
                }
            ],
            "description": "PHP Doctrine Collections library that adds additional functionality on top of PHP arrays.",
            "homepage": "https://www.doctrine-project.org/projects/collections.html",
            "keywords": [
                "array",
                "collections",
                "iterators",
                "php"
            ],
            "support": {
                "issues": "https://github.com/doctrine/collections/issues",
                "source": "https://github.com/doctrine/collections/tree/2.2.2"
            },
            "funding": [
                {
                    "url": "https://www.doctrine-project.org/sponsorship.html",
                    "type": "custom"
                },
                {
                    "url": "https://www.patreon.com/phpdoctrine",
                    "type": "patreon"
                },
                {
                    "url": "https://tidelift.com/funding/github/packagist/doctrine%2Fcollections",
                    "type": "tidelift"
                }
            ],
            "time": "2024-04-18T06:56:21+00:00"
        },
        {
            "name": "doctrine/deprecations",
            "version": "1.1.4",
            "source": {
                "type": "git",
                "url": "https://github.com/doctrine/deprecations.git",
                "reference": "31610dbb31faa98e6b5447b62340826f54fbc4e9"
            },
            "dist": {
                "type": "zip",
                "url": "https://api.github.com/repos/doctrine/deprecations/zipball/31610dbb31faa98e6b5447b62340826f54fbc4e9",
                "reference": "31610dbb31faa98e6b5447b62340826f54fbc4e9",
                "shasum": ""
            },
            "require": {
                "php": "^7.1 || ^8.0"
            },
            "require-dev": {
                "doctrine/coding-standard": "^9 || ^12",
                "phpstan/phpstan": "1.4.10 || 2.0.3",
                "phpstan/phpstan-phpunit": "^1.0 || ^2",
                "phpunit/phpunit": "^7.5 || ^8.5 || ^9.5",
                "psr/log": "^1 || ^2 || ^3"
            },
            "suggest": {
                "psr/log": "Allows logging deprecations via PSR-3 logger implementation"
            },
            "type": "library",
            "autoload": {
                "psr-4": {
                    "Doctrine\\Deprecations\\": "src"
                }
            },
            "notification-url": "https://packagist.org/downloads/",
            "license": [
                "MIT"
            ],
            "description": "A small layer on top of trigger_error(E_USER_DEPRECATED) or PSR-3 logging with options to disable all deprecations or selectively for packages.",
            "homepage": "https://www.doctrine-project.org/",
            "support": {
                "issues": "https://github.com/doctrine/deprecations/issues",
                "source": "https://github.com/doctrine/deprecations/tree/1.1.4"
            },
            "time": "2024-12-07T21:18:45+00:00"
        },
        {
            "name": "pyrech/castor-example",
            "version": "v1.2.0",
            "source": {
                "type": "git",
                "url": "https://github.com/pyrech/castor-example.git",
                "reference": "5ad3b4540e6023844f402fc6f2e0cda60082fa6d"
            },
            "dist": {
                "type": "zip",
                "url": "https://api.github.com/repos/pyrech/castor-example/zipball/5ad3b4540e6023844f402fc6f2e0cda60082fa6d",
                "reference": "5ad3b4540e6023844f402fc6f2e0cda60082fa6d",
                "shasum": ""
            },
            "type": "library",
            "notification-url": "https://packagist.org/downloads/",
            "license": [
                "MIT"
            ],
            "support": {
                "issues": "https://github.com/pyrech/castor-example/issues",
                "source": "https://github.com/pyrech/castor-example/tree/v1.2.0"
            },
            "time": "2024-05-06T22:02:35+00:00"
        },
        {
            "name": "pyrech/castor-example-package-not-published",
            "version": "v1.0.0",
            "source": {
                "type": "git",
                "url": "https://github.com/pyrech/castor-example-package-not-published.git",
                "reference": "e87fa3f71b9784800caadca8ca3e001bb646f201"
            },
            "dist": {
                "type": "zip",
                "url": "https://api.github.com/repos/pyrech/castor-example-package-not-published/zipball/e87fa3f71b9784800caadca8ca3e001bb646f201",
                "reference": "e87fa3f71b9784800caadca8ca3e001bb646f201",
                "shasum": ""
            },
            "type": "project",
            "license": [
                "MIT"
            ],
            "support": {
                "source": "https://github.com/pyrech/castor-example-package-not-published/tree/v1.0.0",
                "issues": "https://github.com/pyrech/castor-example-package-not-published/issues"
            },
            "time": "2024-02-26T13:09:56+00:00"
        },
        {
            "name": "pyrech/foobar",
            "version": "v1",
            "source": {
                "type": "git",
                "url": "https://github.com/pyrech/castor-example-misc.git",
                "reference": "main"
            },
            "type": "library"
        }
    ],
    "packages-dev": [],
    "aliases": [],
    "minimum-stability": "stable",
    "stability-flags": {},
    "prefer-stable": false,
    "prefer-lowest": false,
    "platform": {},
    "platform-dev": {},
    "plugin-api-version": "2.6.0"
}
